
Microsoft Visual Studio Solution File, Format Version 12.00
# Visual Studio Version 16
VisualStudioVersion = 16.0.29424.173
MinimumVisualStudioVersion = 10.0.40219.1
Project("{8BC9CEB8-8B4A-11D0-8D11-00A0C91BC942}") = "StandheizungGSM", "StandheizungGSM\StandheizungGSM.vcxproj", "{C5F80730-F44F-4478-BDAE-6634EFC2CA88}"
EndProject
Project("{8BC9CEB8-8B4A-11D0-8D11-00A0C91BC942}") = "gps", "\\horgen.local\Services\PrivaterOrdner\jost\Eigene Dateien\Arduino\gps\gps.vcxproj", "{25B7301A-9A67-4E3D-BEB5-C67CA063B4B9}"
EndProject
Project("{8BC9CEB8-8B4A-11D0-8D11-00A0C91BC942}") = "gpslatitude", "\\horgen.local\Services\PrivaterOrdner\jost\Eigene Dateien\Arduino\gpslatitude\gpslatitude.vcxproj", "{5A980FD4-C35F-4097-B82E-035AEDC8A430}"
EndProject
Project("{8BC9CEB8-8B4A-11D0-8D11-00A0C91BC942}") = "i2c display", "\\horgen.local\Services\PrivaterOrdner\jost\Eigene Dateien\Arduino\i2c display\i2c display.vcxproj", "{D58C94C5-7502-4FE3-8FC8-44E5A01033D6}"
EndProject
Project("{8BC9CEB8-8B4A-11D0-8D11-00A0C91BC942}") = "gpstime", "\\horgen.local\Services\PrivaterOrdner\jost\Eigene Dateien\Arduino\gpstime\gpstime.vcxproj", "{40C25283-515F-4547-8409-CFA36829FC57}"
EndProject
Global
	GlobalSection(SolutionConfigurationPlatforms) = preSolution
		Debug|x86 = Debug|x86
		Release|x86 = Release|x86
	EndGlobalSection
	GlobalSection(ProjectConfigurationPlatforms) = postSolution
		{C5F80730-F44F-4478-BDAE-6634EFC2CA88}.Debug|x86.ActiveCfg = Debug|Win32
		{C5F80730-F44F-4478-BDAE-6634EFC2CA88}.Debug|x86.Build.0 = Debug|Win32
		{C5F80730-F44F-4478-BDAE-6634EFC2CA88}.Release|x86.ActiveCfg = Release|Win32
		{C5F80730-F44F-4478-BDAE-6634EFC2CA88}.Release|x86.Build.0 = Release|Win32
		{25B7301A-9A67-4E3D-BEB5-C67CA063B4B9}.Debug|x86.ActiveCfg = Debug|Win32
		{25B7301A-9A67-4E3D-BEB5-C67CA063B4B9}.Debug|x86.Build.0 = Debug|Win32
		{25B7301A-9A67-4E3D-BEB5-C67CA063B4B9}.Release|x86.ActiveCfg = Release|Win32
		{25B7301A-9A67-4E3D-BEB5-C67CA063B4B9}.Release|x86.Build.0 = Release|Win32
		{5A980FD4-C35F-4097-B82E-035AEDC8A430}.Debug|x86.ActiveCfg = Debug|Win32
		{5A980FD4-C35F-4097-B82E-035AEDC8A430}.Debug|x86.Build.0 = Debug|Win32
		{5A980FD4-C35F-4097-B82E-035AEDC8A430}.Release|x86.ActiveCfg = Release|Win32
		{5A980FD4-C35F-4097-B82E-035AEDC8A430}.Release|x86.Build.0 = Release|Win32
		{D58C94C5-7502-4FE3-8FC8-44E5A01033D6}.Debug|x86.ActiveCfg = Debug|Win32
		{D58C94C5-7502-4FE3-8FC8-44E5A01033D6}.Debug|x86.Build.0 = Debug|Win32
		{D58C94C5-7502-4FE3-8FC8-44E5A01033D6}.Release|x86.ActiveCfg = Release|Win32
		{D58C94C5-7502-4FE3-8FC8-44E5A01033D6}.Release|x86.Build.0 = Release|Win32
		{40C25283-515F-4547-8409-CFA36829FC57}.Debug|x86.ActiveCfg = Debug|Win32
		{40C25283-515F-4547-8409-CFA36829FC57}.Debug|x86.Build.0 = Debug|Win32
		{40C25283-515F-4547-8409-CFA36829FC57}.Release|x86.ActiveCfg = Release|Win32
		{40C25283-515F-4547-8409-CFA36829FC57}.Release|x86.Build.0 = Release|Win32
	EndGlobalSection
	GlobalSection(SolutionProperties) = preSolution
		HideSolutionNode = FALSE
	EndGlobalSection
	GlobalSection(ExtensibilityGlobals) = postSolution
		SolutionGuid = {1DB23415-96F2-4206-916B-03FB3CF9CA62}
	EndGlobalSection
EndGlobal
